
Microsoft Visual Studio Solution File, Format Version 12.00
# Visual Studio 14
VisualStudioVersion = 14.0.25420.1
MinimumVisualStudioVersion = 10.0.40219.1
Project("{FAE04EC0-301F-11D3-BF4B-00C04F79EFBC}") = "XamarinFormsMixedWithNative.Droid", "XamarinFormsMixedWithNative\XamarinFormsMixedWithNative.Droid\XamarinFormsMixedWithNative.Droid.csproj", "{4EFE4F34-2875-4B54-8591-EA754D33FC4D}"
EndProject
Project("{FAE04EC0-301F-11D3-BF4B-00C04F79EFBC}") = "XamarinFormsMixedWithNative.iOS", "XamarinFormsMixedWithNative\XamarinFormsMixedWithNative.iOS\XamarinFormsMixedWithNative.iOS.csproj", "{4F818734-59CF-4364-A5D4-4CAA07914BE8}"
EndProject
Project("{FAE04EC0-301F-11D3-BF4B-00C04F79EFBC}") = "XamarinFormsMixedWithNative.WinPhone", "XamarinFormsMixedWithNative\XamarinFormsMixedWithNative.WinPhone\XamarinFormsMixedWithNative.WinPhone.csproj", "{F1BBB33C-92DF-4BE8-A282-21F383DCBCAF}"
EndProject
Project("{FAE04EC0-301F-11D3-BF4B-00C04F79EFBC}") = "XamarinFormsMixedWithNative.UWP", "XamarinFormsMixedWithNative\XamarinFormsMixedWithNative.UWP\XamarinFormsMixedWithNative.UWP.csproj", "{48274F88-2477-4F92-94BC-3E83AC3606D4}"
EndProject
Project("{FAE04EC0-301F-11D3-BF4B-00C04F79EFBC}") = "XamarinFormsMixedWithNative.Windows", "XamarinFormsMixedWithNative\XamarinFormsMixedWithNative.Windows\XamarinFormsMixedWithNative.Windows.csproj", "{CD7BFC6C-DB84-4B46-A355-EF2FBDB9BA55}"
EndProject
Project("{FAE04EC0-301F-11D3-BF4B-00C04F79EFBC}") = "XamarinFormsMixedWithNative", "XamarinFormsMixedWithNative\XamarinFormsMixedWithNative\XamarinFormsMixedWithNative.csproj", "{C6C38DAE-D5FB-4D8F-8B11-C9B0CF2AFB90}"
EndProject
Global
	GlobalSection(SolutionConfigurationPlatforms) = preSolution
		Ad-Hoc|Any CPU = Ad-Hoc|Any CPU
		Ad-Hoc|ARM = Ad-Hoc|ARM
		Ad-Hoc|iPhone = Ad-Hoc|iPhone
		Ad-Hoc|iPhoneSimulator = Ad-Hoc|iPhoneSimulator
		Ad-Hoc|x64 = Ad-Hoc|x64
		Ad-Hoc|x86 = Ad-Hoc|x86
		AppStore|Any CPU = AppStore|Any CPU
		AppStore|ARM = AppStore|ARM
		AppStore|iPhone = AppStore|iPhone
		AppStore|iPhoneSimulator = AppStore|iPhoneSimulator
		AppStore|x64 = AppStore|x64
		AppStore|x86 = AppStore|x86
		Debug|Any CPU = Debug|Any CPU
		Debug|ARM = Debug|ARM
		Debug|iPhone = Debug|iPhone
		Debug|iPhoneSimulator = Debug|iPhoneSimulator
		Debug|x64 = Debug|x64
		Debug|x86 = Debug|x86
		Release|Any CPU = Release|Any CPU
		Release|ARM = Release|ARM
		Release|iPhone = Release|iPhone
		Release|iPhoneSimulator = Release|iPhoneSimulator
		Release|x64 = Release|x64
		Release|x86 = Release|x86
	EndGlobalSection
	GlobalSection(ProjectConfigurationPlatforms) = postSolution
		{4EFE4F34-2875-4B54-8591-EA754D33FC4D}.Ad-Hoc|Any CPU.ActiveCfg = Release|Any CPU
		{4EFE4F34-2875-4B54-8591-EA754D33FC4D}.Ad-Hoc|Any CPU.Build.0 = Release|Any CPU
		{4EFE4F34-2875-4B54-8591-EA754D33FC4D}.Ad-Hoc|Any CPU.Deploy.0 = Release|Any CPU
		{4EFE4F34-2875-4B54-8591-EA754D33FC4D}.Ad-Hoc|ARM.ActiveCfg = Release|Any CPU
		{4EFE4F34-2875-4B54-8591-EA754D33FC4D}.Ad-Hoc|ARM.Build.0 = Release|Any CPU
		{4EFE4F34-2875-4B54-8591-EA754D33FC4D}.Ad-Hoc|ARM.Deploy.0 = Release|Any CPU
		{4EFE4F34-2875-4B54-8591-EA754D33FC4D}.Ad-Hoc|iPhone.ActiveCfg = Release|Any CPU
		{4EFE4F34-2875-4B54-8591-EA754D33FC4D}.Ad-Hoc|iPhone.Build.0 = Release|Any CPU
		{4EFE4F34-2875-4B54-8591-EA754D33FC4D}.Ad-Hoc|iPhone.Deploy.0 = Release|Any CPU
		{4EFE4F34-2875-4B54-8591-EA754D33FC4D}.Ad-Hoc|iPhoneSimulator.ActiveCfg = Release|Any CPU
		{4EFE4F34-2875-4B54-8591-EA754D33FC4D}.Ad-Hoc|iPhoneSimulator.Build.0 = Release|Any CPU
		{4EFE4F34-2875-4B54-8591-EA754D33FC4D}.Ad-Hoc|iPhoneSimulator.Deploy.0 = Release|Any CPU
		{4EFE4F34-2875-4B54-8591-EA754D33FC4D}.Ad-Hoc|x64.ActiveCfg = Release|Any CPU
		{4EFE4F34-2875-4B54-8591-EA754D33FC4D}.Ad-Hoc|x64.Build.0 = Release|Any CPU
		{4EFE4F34-2875-4B54-8591-EA754D33FC4D}.Ad-Hoc|x64.Deploy.0 = Release|Any CPU
		{4EFE4F34-2875-4B54-8591-EA754D33FC4D}.Ad-Hoc|x86.ActiveCfg = Release|Any CPU
		{4EFE4F34-2875-4B54-8591-EA754D33FC4D}.Ad-Hoc|x86.Build.0 = Release|Any CPU
		{4EFE4F34-2875-4B54-8591-EA754D33FC4D}.Ad-Hoc|x86.Deploy.0 = Release|Any CPU
		{4EFE4F34-2875-4B54-8591-EA754D33FC4D}.AppStore|Any CPU.ActiveCfg = Release|Any CPU
		{4EFE4F34-2875-4B54-8591-EA754D33FC4D}.AppStore|Any CPU.Build.0 = Release|Any CPU
		{4EFE4F34-2875-4B54-8591-EA754D33FC4D}.AppStore|Any CPU.Deploy.0 = Release|Any CPU
		{4EFE4F34-2875-4B54-8591-EA754D33FC4D}.AppStore|ARM.ActiveCfg = Release|Any CPU
		{4EFE4F34-2875-4B54-8591-EA754D33FC4D}.AppStore|ARM.Build.0 = Release|Any CPU
		{4EFE4F34-2875-4B54-8591-EA754D33FC4D}.AppStore|ARM.Deploy.0 = Release|Any CPU
		{4EFE4F34-2875-4B54-8591-EA754D33FC4D}.AppStore|iPhone.ActiveCfg = Release|Any CPU
		{4EFE4F34-2875-4B54-8591-EA754D33FC4D}.AppStore|iPhone.Build.0 = Release|Any CPU
		{4EFE4F34-2875-4B54-8591-EA754D33FC4D}.AppStore|iPhone.Deploy.0 = Release|Any CPU
		{4EFE4F34-2875-4B54-8591-EA754D33FC4D}.AppStore|iPhoneSimulator.ActiveCfg = Release|Any CPU
		{4EFE4F34-2875-4B54-8591-EA754D33FC4D}.AppStore|iPhoneSimulator.Build.0 = Release|Any CPU
		{4EFE4F34-2875-4B54-8591-EA754D33FC4D}.AppStore|iPhoneSimulator.Deploy.0 = Release|Any CPU
		{4EFE4F34-2875-4B54-8591-EA754D33FC4D}.AppStore|x64.ActiveCfg = Release|Any CPU
		{4EFE4F34-2875-4B54-8591-EA754D33FC4D}.AppStore|x64.Build.0 = Release|Any CPU
		{4EFE4F34-2875-4B54-8591-EA754D33FC4D}.AppStore|x64.Deploy.0 = Release|Any CPU
		{4EFE4F34-2875-4B54-8591-EA754D33FC4D}.AppStore|x86.ActiveCfg = Release|Any CPU
		{4EFE4F34-2875-4B54-8591-EA754D33FC4D}.AppStore|x86.Build.0 = Release|Any CPU
		{4EFE4F34-2875-4B54-8591-EA754D33FC4D}.AppStore|x86.Deploy.0 = Release|Any CPU
		{4EFE4F34-2875-4B54-8591-EA754D33FC4D}.Debug|Any CPU.ActiveCfg = Debug|Any CPU
		{4EFE4F34-2875-4B54-8591-EA754D33FC4D}.Debug|Any CPU.Build.0 = Debug|Any CPU
		{4EFE4F34-2875-4B54-8591-EA754D33FC4D}.Debug|Any CPU.Deploy.0 = Debug|Any CPU
		{4EFE4F34-2875-4B54-8591-EA754D33FC4D}.Debug|ARM.ActiveCfg = Debug|Any CPU
		{4EFE4F34-2875-4B54-8591-EA754D33FC4D}.Debug|ARM.Build.0 = Debug|Any CPU
		{4EFE4F34-2875-4B54-8591-EA754D33FC4D}.Debug|ARM.Deploy.0 = Debug|Any CPU
		{4EFE4F34-2875-4B54-8591-EA754D33FC4D}.Debug|iPhone.ActiveCfg = Debug|Any CPU
		{4EFE4F34-2875-4B54-8591-EA754D33FC4D}.Debug|iPhone.Build.0 = Debug|Any CPU
		{4EFE4F34-2875-4B54-8591-EA754D33FC4D}.Debug|iPhone.Deploy.0 = Debug|Any CPU
		{4EFE4F34-2875-4B54-8591-EA754D33FC4D}.Debug|iPhoneSimulator.ActiveCfg = Debug|Any CPU
		{4EFE4F34-2875-4B54-8591-EA754D33FC4D}.Debug|iPhoneSimulator.Build.0 = Debug|Any CPU
		{4EFE4F34-2875-4B54-8591-EA754D33FC4D}.Debug|iPhoneSimulator.Deploy.0 = Debug|Any CPU
		{4EFE4F34-2875-4B54-8591-EA754D33FC4D}.Debug|x64.ActiveCfg = Debug|Any CPU
		{4EFE4F34-2875-4B54-8591-EA754D33FC4D}.Debug|x64.Build.0 = Debug|Any CPU
		{4EFE4F34-2875-4B54-8591-EA754D33FC4D}.Debug|x64.Deploy.0 = Debug|Any CPU
		{4EFE4F34-2875-4B54-8591-EA754D33FC4D}.Debug|x86.ActiveCfg = Debug|Any CPU
		{4EFE4F34-2875-4B54-8591-EA754D33FC4D}.Debug|x86.Build.0 = Debug|Any CPU
		{4EFE4F34-2875-4B54-8591-EA754D33FC4D}.Debug|x86.Deploy.0 = Debug|Any CPU
		{4EFE4F34-2875-4B54-8591-EA754D33FC4D}.Release|Any CPU.ActiveCfg = Release|Any CPU
		{4EFE4F34-2875-4B54-8591-EA754D33FC4D}.Release|Any CPU.Build.0 = Release|Any CPU
		{4EFE4F34-2875-4B54-8591-EA754D33FC4D}.Release|Any CPU.Deploy.0 = Release|Any CPU
		{4EFE4F34-2875-4B54-8591-EA754D33FC4D}.Release|ARM.ActiveCfg = Release|Any CPU
		{4EFE4F34-2875-4B54-8591-EA754D33FC4D}.Release|ARM.Build.0 = Release|Any CPU
		{4EFE4F34-2875-4B54-8591-EA754D33FC4D}.Release|ARM.Deploy.0 = Release|Any CPU
		{4EFE4F34-2875-4B54-8591-EA754D33FC4D}.Release|iPhone.ActiveCfg = Release|Any CPU
		{4EFE4F34-2875-4B54-8591-EA754D33FC4D}.Release|iPhone.Build.0 = Release|Any CPU
		{4EFE4F34-2875-4B54-8591-EA754D33FC4D}.Release|iPhone.Deploy.0 = Release|Any CPU
		{4EFE4F34-2875-4B54-8591-EA754D33FC4D}.Release|iPhoneSimulator.ActiveCfg = Release|Any CPU
		{4EFE4F34-2875-4B54-8591-EA754D33FC4D}.Release|iPhoneSimulator.Build.0 = Release|Any CPU
		{4EFE4F34-2875-4B54-8591-EA754D33FC4D}.Release|iPhoneSimulator.Deploy.0 = Release|Any CPU
		{4EFE4F34-2875-4B54-8591-EA754D33FC4D}.Release|x64.ActiveCfg = Release|Any CPU
		{4EFE4F34-2875-4B54-8591-EA754D33FC4D}.Release|x64.Build.0 = Release|Any CPU
		{4EFE4F34-2875-4B54-8591-EA754D33FC4D}.Release|x64.Deploy.0 = Release|Any CPU
		{4EFE4F34-2875-4B54-8591-EA754D33FC4D}.Release|x86.ActiveCfg = Release|Any CPU
		{4EFE4F34-2875-4B54-8591-EA754D33FC4D}.Release|x86.Build.0 = Release|Any CPU
		{4EFE4F34-2875-4B54-8591-EA754D33FC4D}.Release|x86.Deploy.0 = Release|Any CPU
		{4F818734-59CF-4364-A5D4-4CAA07914BE8}.Ad-Hoc|Any CPU.ActiveCfg = Ad-Hoc|iPhone
		{4F818734-59CF-4364-A5D4-4CAA07914BE8}.Ad-Hoc|ARM.ActiveCfg = Ad-Hoc|iPhone
		{4F818734-59CF-4364-A5D4-4CAA07914BE8}.Ad-Hoc|iPhone.ActiveCfg = Ad-Hoc|iPhone
		{4F818734-59CF-4364-A5D4-4CAA07914BE8}.Ad-Hoc|iPhone.Build.0 = Ad-Hoc|iPhone
		{4F818734-59CF-4364-A5D4-4CAA07914BE8}.Ad-Hoc|iPhoneSimulator.ActiveCfg = Ad-Hoc|iPhoneSimulator
		{4F818734-59CF-4364-A5D4-4CAA07914BE8}.Ad-Hoc|iPhoneSimulator.Build.0 = Ad-Hoc|iPhoneSimulator
		{4F818734-59CF-4364-A5D4-4CAA07914BE8}.Ad-Hoc|x64.ActiveCfg = Ad-Hoc|iPhone
		{4F818734-59CF-4364-A5D4-4CAA07914BE8}.Ad-Hoc|x86.ActiveCfg = Ad-Hoc|iPhone
		{4F818734-59CF-4364-A5D4-4CAA07914BE8}.AppStore|Any CPU.ActiveCfg = AppStore|iPhone
		{4F818734-59CF-4364-A5D4-4CAA07914BE8}.AppStore|ARM.ActiveCfg = AppStore|iPhone
		{4F818734-59CF-4364-A5D4-4CAA07914BE8}.AppStore|iPhone.ActiveCfg = AppStore|iPhone
		{4F818734-59CF-4364-A5D4-4CAA07914BE8}.AppStore|iPhone.Build.0 = AppStore|iPhone
		{4F818734-59CF-4364-A5D4-4CAA07914BE8}.AppStore|iPhoneSimulator.ActiveCfg = AppStore|iPhoneSimulator
		{4F818734-59CF-4364-A5D4-4CAA07914BE8}.AppStore|iPhoneSimulator.Build.0 = AppStore|iPhoneSimulator
		{4F818734-59CF-4364-A5D4-4CAA07914BE8}.AppStore|x64.ActiveCfg = AppStore|iPhone
		{4F818734-59CF-4364-A5D4-4CAA07914BE8}.AppStore|x86.ActiveCfg = AppStore|iPhone
		{4F818734-59CF-4364-A5D4-4CAA07914BE8}.Debug|Any CPU.ActiveCfg = Debug|iPhone
		{4F818734-59CF-4364-A5D4-4CAA07914BE8}.Debug|ARM.ActiveCfg = Debug|iPhone
		{4F818734-59CF-4364-A5D4-4CAA07914BE8}.Debug|iPhone.ActiveCfg = Debug|iPhone
		{4F818734-59CF-4364-A5D4-4CAA07914BE8}.Debug|iPhone.Build.0 = Debug|iPhone
		{4F818734-59CF-4364-A5D4-4CAA07914BE8}.Debug|iPhoneSimulator.ActiveCfg = Debug|iPhoneSimulator
		{4F818734-59CF-4364-A5D4-4CAA07914BE8}.Debug|iPhoneSimulator.Build.0 = Debug|iPhoneSimulator
		{4F818734-59CF-4364-A5D4-4CAA07914BE8}.Debug|x64.ActiveCfg = Debug|iPhone
		{4F818734-59CF-4364-A5D4-4CAA07914BE8}.Debug|x86.ActiveCfg = Debug|iPhone
		{4F818734-59CF-4364-A5D4-4CAA07914BE8}.Release|Any CPU.ActiveCfg = Release|iPhone
		{4F818734-59CF-4364-A5D4-4CAA07914BE8}.Release|ARM.ActiveCfg = Release|iPhone
		{4F818734-59CF-4364-A5D4-4CAA07914BE8}.Release|iPhone.ActiveCfg = Release|iPhone
		{4F818734-59CF-4364-A5D4-4CAA07914BE8}.Release|iPhone.Build.0 = Release|iPhone
		{4F818734-59CF-4364-A5D4-4CAA07914BE8}.Release|iPhoneSimulator.ActiveCfg = Release|iPhoneSimulator
		{4F818734-59CF-4364-A5D4-4CAA07914BE8}.Release|iPhoneSimulator.Build.0 = Release|iPhoneSimulator
		{4F818734-59CF-4364-A5D4-4CAA07914BE8}.Release|x64.ActiveCfg = Release|iPhone
		{4F818734-59CF-4364-A5D4-4CAA07914BE8}.Release|x86.ActiveCfg = Release|iPhone
		{F1BBB33C-92DF-4BE8-A282-21F383DCBCAF}.Ad-Hoc|Any CPU.ActiveCfg = Release|Any CPU
		{F1BBB33C-92DF-4BE8-A282-21F383DCBCAF}.Ad-Hoc|Any CPU.Build.0 = Release|Any CPU
		{F1BBB33C-92DF-4BE8-A282-21F383DCBCAF}.Ad-Hoc|Any CPU.Deploy.0 = Release|Any CPU
		{F1BBB33C-92DF-4BE8-A282-21F383DCBCAF}.Ad-Hoc|ARM.ActiveCfg = Release|ARM
		{F1BBB33C-92DF-4BE8-A282-21F383DCBCAF}.Ad-Hoc|ARM.Build.0 = Release|ARM
		{F1BBB33C-92DF-4BE8-A282-21F383DCBCAF}.Ad-Hoc|ARM.Deploy.0 = Release|ARM
		{F1BBB33C-92DF-4BE8-A282-21F383DCBCAF}.Ad-Hoc|iPhone.ActiveCfg = Release|Any CPU
		{F1BBB33C-92DF-4BE8-A282-21F383DCBCAF}.Ad-Hoc|iPhone.Build.0 = Release|Any CPU
		{F1BBB33C-92DF-4BE8-A282-21F383DCBCAF}.Ad-Hoc|iPhone.Deploy.0 = Release|Any CPU
		{F1BBB33C-92DF-4BE8-A282-21F383DCBCAF}.Ad-Hoc|iPhoneSimulator.ActiveCfg = Release|Any CPU
		{F1BBB33C-92DF-4BE8-A282-21F383DCBCAF}.Ad-Hoc|iPhoneSimulator.Build.0 = Release|Any CPU
		{F1BBB33C-92DF-4BE8-A282-21F383DCBCAF}.Ad-Hoc|iPhoneSimulator.Deploy.0 = Release|Any CPU
		{F1BBB33C-92DF-4BE8-A282-21F383DCBCAF}.Ad-Hoc|x64.ActiveCfg = Release|Any CPU
		{F1BBB33C-92DF-4BE8-A282-21F383DCBCAF}.Ad-Hoc|x64.Build.0 = Release|Any CPU
		{F1BBB33C-92DF-4BE8-A282-21F383DCBCAF}.Ad-Hoc|x64.Deploy.0 = Release|Any CPU
		{F1BBB33C-92DF-4BE8-A282-21F383DCBCAF}.Ad-Hoc|x86.ActiveCfg = Release|x86
		{F1BBB33C-92DF-4BE8-A282-21F383DCBCAF}.Ad-Hoc|x86.Build.0 = Release|x86
		{F1BBB33C-92DF-4BE8-A282-21F383DCBCAF}.Ad-Hoc|x86.Deploy.0 = Release|x86
		{F1BBB33C-92DF-4BE8-A282-21F383DCBCAF}.AppStore|Any CPU.ActiveCfg = Release|Any CPU
		{F1BBB33C-92DF-4BE8-A282-21F383DCBCAF}.AppStore|Any CPU.Build.0 = Release|Any CPU
		{F1BBB33C-92DF-4BE8-A282-21F383DCBCAF}.AppStore|Any CPU.Deploy.0 = Release|Any CPU
		{F1BBB33C-92DF-4BE8-A282-21F383DCBCAF}.AppStore|ARM.ActiveCfg = Release|ARM
		{F1BBB33C-92DF-4BE8-A282-21F383DCBCAF}.AppStore|ARM.Build.0 = Release|ARM
		{F1BBB33C-92DF-4BE8-A282-21F383DCBCAF}.AppStore|ARM.Deploy.0 = Release|ARM
		{F1BBB33C-92DF-4BE8-A282-21F383DCBCAF}.AppStore|iPhone.ActiveCfg = Release|Any CPU
		{F1BBB33C-92DF-4BE8-A282-21F383DCBCAF}.AppStore|iPhone.Build.0 = Release|Any CPU
		{F1BBB33C-92DF-4BE8-A282-21F383DCBCAF}.AppStore|iPhone.Deploy.0 = Release|Any CPU
		{F1BBB33C-92DF-4BE8-A282-21F383DCBCAF}.AppStore|iPhoneSimulator.ActiveCfg = Release|Any CPU
		{F1BBB33C-92DF-4BE8-A282-21F383DCBCAF}.AppStore|iPhoneSimulator.Build.0 = Release|Any CPU
		{F1BBB33C-92DF-4BE8-A282-21F383DCBCAF}.AppStore|iPhoneSimulator.Deploy.0 = Release|Any CPU
		{F1BBB33C-92DF-4BE8-A282-21F383DCBCAF}.AppStore|x64.ActiveCfg = Release|Any CPU
		{F1BBB33C-92DF-4BE8-A282-21F383DCBCAF}.AppStore|x64.Build.0 = Release|Any CPU
		{F1BBB33C-92DF-4BE8-A282-21F383DCBCAF}.AppStore|x64.Deploy.0 = Release|Any CPU
		{F1BBB33C-92DF-4BE8-A282-21F383DCBCAF}.AppStore|x86.ActiveCfg = Release|x86
		{F1BBB33C-92DF-4BE8-A282-21F383DCBCAF}.AppStore|x86.Build.0 = Release|x86
		{F1BBB33C-92DF-4BE8-A282-21F383DCBCAF}.AppStore|x86.Deploy.0 = Release|x86
		{F1BBB33C-92DF-4BE8-A282-21F383DCBCAF}.Debug|Any CPU.ActiveCfg = Debug|Any CPU
		{F1BBB33C-92DF-4BE8-A282-21F383DCBCAF}.Debug|Any CPU.Build.0 = Debug|Any CPU
		{F1BBB33C-92DF-4BE8-A282-21F383DCBCAF}.Debug|Any CPU.Deploy.0 = Debug|Any CPU
		{F1BBB33C-92DF-4BE8-A282-21F383DCBCAF}.Debug|ARM.ActiveCfg = Debug|ARM
		{F1BBB33C-92DF-4BE8-A282-21F383DCBCAF}.Debug|ARM.Build.0 = Debug|ARM
		{F1BBB33C-92DF-4BE8-A282-21F383DCBCAF}.Debug|ARM.Deploy.0 = Debug|ARM
		{F1BBB33C-92DF-4BE8-A282-21F383DCBCAF}.Debug|iPhone.ActiveCfg = Debug|Any CPU
		{F1BBB33C-92DF-4BE8-A282-21F383DCBCAF}.Debug|iPhone.Build.0 = Debug|Any CPU
		{F1BBB33C-92DF-4BE8-A282-21F383DCBCAF}.Debug|iPhone.Deploy.0 = Debug|Any CPU
		{F1BBB33C-92DF-4BE8-A282-21F383DCBCAF}.Debug|iPhoneSimulator.ActiveCfg = Debug|Any CPU
		{F1BBB33C-92DF-4BE8-A282-21F383DCBCAF}.Debug|iPhoneSimulator.Build.0 = Debug|Any CPU
		{F1BBB33C-92DF-4BE8-A282-21F383DCBCAF}.Debug|iPhoneSimulator.Deploy.0 = Debug|Any CPU
		{F1BBB33C-92DF-4BE8-A282-21F383DCBCAF}.Debug|x64.ActiveCfg = Debug|Any CPU
		{F1BBB33C-92DF-4BE8-A282-21F383DCBCAF}.Debug|x64.Build.0 = Debug|Any CPU
		{F1BBB33C-92DF-4BE8-A282-21F383DCBCAF}.Debug|x64.Deploy.0 = Debug|Any CPU
		{F1BBB33C-92DF-4BE8-A282-21F383DCBCAF}.Debug|x86.ActiveCfg = Debug|x86
		{F1BBB33C-92DF-4BE8-A282-21F383DCBCAF}.Debug|x86.Build.0 = Debug|x86
		{F1BBB33C-92DF-4BE8-A282-21F383DCBCAF}.Debug|x86.Deploy.0 = Debug|x86
		{F1BBB33C-92DF-4BE8-A282-21F383DCBCAF}.Release|Any CPU.ActiveCfg = Release|Any CPU
		{F1BBB33C-92DF-4BE8-A282-21F383DCBCAF}.Release|Any CPU.Build.0 = Release|Any CPU
		{F1BBB33C-92DF-4BE8-A282-21F383DCBCAF}.Release|Any CPU.Deploy.0 = Release|Any CPU
		{F1BBB33C-92DF-4BE8-A282-21F383DCBCAF}.Release|ARM.ActiveCfg = Release|ARM
		{F1BBB33C-92DF-4BE8-A282-21F383DCBCAF}.Release|ARM.Build.0 = Release|ARM
		{F1BBB33C-92DF-4BE8-A282-21F383DCBCAF}.Release|ARM.Deploy.0 = Release|ARM
		{F1BBB33C-92DF-4BE8-A282-21F383DCBCAF}.Release|iPhone.ActiveCfg = Release|Any CPU
		{F1BBB33C-92DF-4BE8-A282-21F383DCBCAF}.Release|iPhone.Build.0 = Release|Any CPU
		{F1BBB33C-92DF-4BE8-A282-21F383DCBCAF}.Release|iPhone.Deploy.0 = Release|Any CPU
		{F1BBB33C-92DF-4BE8-A282-21F383DCBCAF}.Release|iPhoneSimulator.ActiveCfg = Release|Any CPU
		{F1BBB33C-92DF-4BE8-A282-21F383DCBCAF}.Release|iPhoneSimulator.Build.0 = Release|Any CPU
		{F1BBB33C-92DF-4BE8-A282-21F383DCBCAF}.Release|iPhoneSimulator.Deploy.0 = Release|Any CPU
		{F1BBB33C-92DF-4BE8-A282-21F383DCBCAF}.Release|x64.ActiveCfg = Release|Any CPU
		{F1BBB33C-92DF-4BE8-A282-21F383DCBCAF}.Release|x64.Build.0 = Release|Any CPU
		{F1BBB33C-92DF-4BE8-A282-21F383DCBCAF}.Release|x64.Deploy.0 = Release|Any CPU
		{F1BBB33C-92DF-4BE8-A282-21F383DCBCAF}.Release|x86.ActiveCfg = Release|x86
		{F1BBB33C-92DF-4BE8-A282-21F383DCBCAF}.Release|x86.Build.0 = Release|x86
		{F1BBB33C-92DF-4BE8-A282-21F383DCBCAF}.Release|x86.Deploy.0 = Release|x86
		{48274F88-2477-4F92-94BC-3E83AC3606D4}.Ad-Hoc|Any CPU.ActiveCfg = Release|x86
		{48274F88-2477-4F92-94BC-3E83AC3606D4}.Ad-Hoc|Any CPU.Build.0 = Release|x86
		{48274F88-2477-4F92-94BC-3E83AC3606D4}.Ad-Hoc|Any CPU.Deploy.0 = Release|x86
		{48274F88-2477-4F92-94BC-3E83AC3606D4}.Ad-Hoc|ARM.ActiveCfg = Release|ARM
		{48274F88-2477-4F92-94BC-3E83AC3606D4}.Ad-Hoc|ARM.Build.0 = Release|ARM
		{48274F88-2477-4F92-94BC-3E83AC3606D4}.Ad-Hoc|ARM.Deploy.0 = Release|ARM
		{48274F88-2477-4F92-94BC-3E83AC3606D4}.Ad-Hoc|iPhone.ActiveCfg = Release|x86
		{48274F88-2477-4F92-94BC-3E83AC3606D4}.Ad-Hoc|iPhone.Build.0 = Release|x86
		{48274F88-2477-4F92-94BC-3E83AC3606D4}.Ad-Hoc|iPhone.Deploy.0 = Release|x86
		{48274F88-2477-4F92-94BC-3E83AC3606D4}.Ad-Hoc|iPhoneSimulator.ActiveCfg = Release|x86
		{48274F88-2477-4F92-94BC-3E83AC3606D4}.Ad-Hoc|iPhoneSimulator.Build.0 = Release|x86
		{48274F88-2477-4F92-94BC-3E83AC3606D4}.Ad-Hoc|iPhoneSimulator.Deploy.0 = Release|x86
		{48274F88-2477-4F92-94BC-3E83AC3606D4}.Ad-Hoc|x64.ActiveCfg = Release|x64
		{48274F88-2477-4F92-94BC-3E83AC3606D4}.Ad-Hoc|x64.Build.0 = Release|x64
		{48274F88-2477-4F92-94BC-3E83AC3606D4}.Ad-Hoc|x64.Deploy.0 = Release|x64
		{48274F88-2477-4F92-94BC-3E83AC3606D4}.Ad-Hoc|x86.ActiveCfg = Release|x86
		{48274F88-2477-4F92-94BC-3E83AC3606D4}.Ad-Hoc|x86.Build.0 = Release|x86
		{48274F88-2477-4F92-94BC-3E83AC3606D4}.Ad-Hoc|x86.Deploy.0 = Release|x86
		{48274F88-2477-4F92-94BC-3E83AC3606D4}.AppStore|Any CPU.ActiveCfg = Release|x86
		{48274F88-2477-4F92-94BC-3E83AC3606D4}.AppStore|Any CPU.Build.0 = Release|x86
		{48274F88-2477-4F92-94BC-3E83AC3606D4}.AppStore|Any CPU.Deploy.0 = Release|x86
		{48274F88-2477-4F92-94BC-3E83AC3606D4}.AppStore|ARM.ActiveCfg = Release|ARM
		{48274F88-2477-4F92-94BC-3E83AC3606D4}.AppStore|ARM.Build.0 = Release|ARM
		{48274F88-2477-4F92-94BC-3E83AC3606D4}.AppStore|ARM.Deploy.0 = Release|ARM
		{48274F88-2477-4F92-94BC-3E83AC3606D4}.AppStore|iPhone.ActiveCfg = Release|x86
		{48274F88-2477-4F92-94BC-3E83AC3606D4}.AppStore|iPhone.Build.0 = Release|x86
		{48274F88-2477-4F92-94BC-3E83AC3606D4}.AppStore|iPhone.Deploy.0 = Release|x86
		{48274F88-2477-4F92-94BC-3E83AC3606D4}.AppStore|iPhoneSimulator.ActiveCfg = Release|x86
		{48274F88-2477-4F92-94BC-3E83AC3606D4}.AppStore|iPhoneSimulator.Build.0 = Release|x86
		{48274F88-2477-4F92-94BC-3E83AC3606D4}.AppStore|iPhoneSimulator.Deploy.0 = Release|x86
		{48274F88-2477-4F92-94BC-3E83AC3606D4}.AppStore|x64.ActiveCfg = Release|x64
		{48274F88-2477-4F92-94BC-3E83AC3606D4}.AppStore|x64.Build.0 = Release|x64
		{48274F88-2477-4F92-94BC-3E83AC3606D4}.AppStore|x64.Deploy.0 = Release|x64
		{48274F88-2477-4F92-94BC-3E83AC3606D4}.AppStore|x86.ActiveCfg = Release|x86
		{48274F88-2477-4F92-94BC-3E83AC3606D4}.AppStore|x86.Build.0 = Release|x86
		{48274F88-2477-4F92-94BC-3E83AC3606D4}.AppStore|x86.Deploy.0 = Release|x86
		{48274F88-2477-4F92-94BC-3E83AC3606D4}.Debug|Any CPU.ActiveCfg = Debug|x86
		{48274F88-2477-4F92-94BC-3E83AC3606D4}.Debug|ARM.ActiveCfg = Debug|ARM
		{48274F88-2477-4F92-94BC-3E83AC3606D4}.Debug|ARM.Build.0 = Debug|ARM
		{48274F88-2477-4F92-94BC-3E83AC3606D4}.Debug|ARM.Deploy.0 = Debug|ARM
		{48274F88-2477-4F92-94BC-3E83AC3606D4}.Debug|iPhone.ActiveCfg = Debug|x86
		{48274F88-2477-4F92-94BC-3E83AC3606D4}.Debug|iPhoneSimulator.ActiveCfg = Debug|x86
		{48274F88-2477-4F92-94BC-3E83AC3606D4}.Debug|x64.ActiveCfg = Debug|x64
		{48274F88-2477-4F92-94BC-3E83AC3606D4}.Debug|x64.Build.0 = Debug|x64
		{48274F88-2477-4F92-94BC-3E83AC3606D4}.Debug|x64.Deploy.0 = Debug|x64
		{48274F88-2477-4F92-94BC-3E83AC3606D4}.Debug|x86.ActiveCfg = Debug|x86
		{48274F88-2477-4F92-94BC-3E83AC3606D4}.Debug|x86.Build.0 = Debug|x86
		{48274F88-2477-4F92-94BC-3E83AC3606D4}.Debug|x86.Deploy.0 = Debug|x86
		{48274F88-2477-4F92-94BC-3E83AC3606D4}.Release|Any CPU.ActiveCfg = Release|x86
		{48274F88-2477-4F92-94BC-3E83AC3606D4}.Release|ARM.ActiveCfg = Release|ARM
		{48274F88-2477-4F92-94BC-3E83AC3606D4}.Release|ARM.Build.0 = Release|ARM
		{48274F88-2477-4F92-94BC-3E83AC3606D4}.Release|ARM.Deploy.0 = Release|ARM
		{48274F88-2477-4F92-94BC-3E83AC3606D4}.Release|iPhone.ActiveCfg = Release|x86
		{48274F88-2477-4F92-94BC-3E83AC3606D4}.Release|iPhoneSimulator.ActiveCfg = Release|x86
		{48274F88-2477-4F92-94BC-3E83AC3606D4}.Release|x64.ActiveCfg = Release|x64
		{48274F88-2477-4F92-94BC-3E83AC3606D4}.Release|x64.Build.0 = Release|x64
		{48274F88-2477-4F92-94BC-3E83AC3606D4}.Release|x64.Deploy.0 = Release|x64
		{48274F88-2477-4F92-94BC-3E83AC3606D4}.Release|x86.ActiveCfg = Release|x86
		{48274F88-2477-4F92-94BC-3E83AC3606D4}.Release|x86.Build.0 = Release|x86
		{48274F88-2477-4F92-94BC-3E83AC3606D4}.Release|x86.Deploy.0 = Release|x86
		{CD7BFC6C-DB84-4B46-A355-EF2FBDB9BA55}.Ad-Hoc|Any CPU.ActiveCfg = Release|Any CPU
		{CD7BFC6C-DB84-4B46-A355-EF2FBDB9BA55}.Ad-Hoc|Any CPU.Build.0 = Release|Any CPU
		{CD7BFC6C-DB84-4B46-A355-EF2FBDB9BA55}.Ad-Hoc|Any CPU.Deploy.0 = Release|Any CPU
		{CD7BFC6C-DB84-4B46-A355-EF2FBDB9BA55}.Ad-Hoc|ARM.ActiveCfg = Release|ARM
		{CD7BFC6C-DB84-4B46-A355-EF2FBDB9BA55}.Ad-Hoc|ARM.Build.0 = Release|ARM
		{CD7BFC6C-DB84-4B46-A355-EF2FBDB9BA55}.Ad-Hoc|ARM.Deploy.0 = Release|ARM
		{CD7BFC6C-DB84-4B46-A355-EF2FBDB9BA55}.Ad-Hoc|iPhone.ActiveCfg = Release|Any CPU
		{CD7BFC6C-DB84-4B46-A355-EF2FBDB9BA55}.Ad-Hoc|iPhone.Build.0 = Release|Any CPU
		{CD7BFC6C-DB84-4B46-A355-EF2FBDB9BA55}.Ad-Hoc|iPhone.Deploy.0 = Release|Any CPU
		{CD7BFC6C-DB84-4B46-A355-EF2FBDB9BA55}.Ad-Hoc|iPhoneSimulator.ActiveCfg = Release|Any CPU
		{CD7BFC6C-DB84-4B46-A355-EF2FBDB9BA55}.Ad-Hoc|iPhoneSimulator.Build.0 = Release|Any CPU
		{CD7BFC6C-DB84-4B46-A355-EF2FBDB9BA55}.Ad-Hoc|iPhoneSimulator.Deploy.0 = Release|Any CPU
		{CD7BFC6C-DB84-4B46-A355-EF2FBDB9BA55}.Ad-Hoc|x64.ActiveCfg = Release|x64
		{CD7BFC6C-DB84-4B46-A355-EF2FBDB9BA55}.Ad-Hoc|x64.Build.0 = Release|x64
		{CD7BFC6C-DB84-4B46-A355-EF2FBDB9BA55}.Ad-Hoc|x64.Deploy.0 = Release|x64
		{CD7BFC6C-DB84-4B46-A355-EF2FBDB9BA55}.Ad-Hoc|x86.ActiveCfg = Release|x86
		{CD7BFC6C-DB84-4B46-A355-EF2FBDB9BA55}.Ad-Hoc|x86.Build.0 = Release|x86
		{CD7BFC6C-DB84-4B46-A355-EF2FBDB9BA55}.Ad-Hoc|x86.Deploy.0 = Release|x86
		{CD7BFC6C-DB84-4B46-A355-EF2FBDB9BA55}.AppStore|Any CPU.ActiveCfg = Release|Any CPU
		{CD7BFC6C-DB84-4B46-A355-EF2FBDB9BA55}.AppStore|Any CPU.Build.0 = Release|Any CPU
		{CD7BFC6C-DB84-4B46-A355-EF2FBDB9BA55}.AppStore|Any CPU.Deploy.0 = Release|Any CPU
		{CD7BFC6C-DB84-4B46-A355-EF2FBDB9BA55}.AppStore|ARM.ActiveCfg = Release|ARM
		{CD7BFC6C-DB84-4B46-A355-EF2FBDB9BA55}.AppStore|ARM.Build.0 = Release|ARM
		{CD7BFC6C-DB84-4B46-A355-EF2FBDB9BA55}.AppStore|ARM.Deploy.0 = Release|ARM
		{CD7BFC6C-DB84-4B46-A355-EF2FBDB9BA55}.AppStore|iPhone.ActiveCfg = Release|Any CPU
		{CD7BFC6C-DB84-4B46-A355-EF2FBDB9BA55}.AppStore|iPhone.Build.0 = Release|Any CPU
		{CD7BFC6C-DB84-4B46-A355-EF2FBDB9BA55}.AppStore|iPhone.Deploy.0 = Release|Any CPU
		{CD7BFC6C-DB84-4B46-A355-EF2FBDB9BA55}.AppStore|iPhoneSimulator.ActiveCfg = Release|Any CPU
		{CD7BFC6C-DB84-4B46-A355-EF2FBDB9BA55}.AppStore|iPhoneSimulator.Build.0 = Release|Any CPU
		{CD7BFC6C-DB84-4B46-A355-EF2FBDB9BA55}.AppStore|iPhoneSimulator.Deploy.0 = Release|Any CPU
		{CD7BFC6C-DB84-4B46-A355-EF2FBDB9BA55}.AppStore|x64.ActiveCfg = Release|x64
		{CD7BFC6C-DB84-4B46-A355-EF2FBDB9BA55}.AppStore|x64.Build.0 = Release|x64
		{CD7BFC6C-DB84-4B46-A355-EF2FBDB9BA55}.AppStore|x64.Deploy.0 = Release|x64
		{CD7BFC6C-DB84-4B46-A355-EF2FBDB9BA55}.AppStore|x86.ActiveCfg = Release|x86
		{CD7BFC6C-DB84-4B46-A355-EF2FBDB9BA55}.AppStore|x86.Build.0 = Release|x86
		{CD7BFC6C-DB84-4B46-A355-EF2FBDB9BA55}.AppStore|x86.Deploy.0 = Release|x86
		{CD7BFC6C-DB84-4B46-A355-EF2FBDB9BA55}.Debug|Any CPU.ActiveCfg = Debug|Any CPU
		{CD7BFC6C-DB84-4B46-A355-EF2FBDB9BA55}.Debug|Any CPU.Build.0 = Debug|Any CPU
		{CD7BFC6C-DB84-4B46-A355-EF2FBDB9BA55}.Debug|Any CPU.Deploy.0 = Debug|Any CPU
		{CD7BFC6C-DB84-4B46-A355-EF2FBDB9BA55}.Debug|ARM.ActiveCfg = Debug|ARM
		{CD7BFC6C-DB84-4B46-A355-EF2FBDB9BA55}.Debug|ARM.Build.0 = Debug|ARM
		{CD7BFC6C-DB84-4B46-A355-EF2FBDB9BA55}.Debug|ARM.Deploy.0 = Debug|ARM
		{CD7BFC6C-DB84-4B46-A355-EF2FBDB9BA55}.Debug|iPhone.ActiveCfg = Debug|Any CPU
		{CD7BFC6C-DB84-4B46-A355-EF2FBDB9BA55}.Debug|iPhone.Build.0 = Debug|Any CPU
		{CD7BFC6C-DB84-4B46-A355-EF2FBDB9BA55}.Debug|iPhone.Deploy.0 = Debug|Any CPU
		{CD7BFC6C-DB84-4B46-A355-EF2FBDB9BA55}.Debug|iPhoneSimulator.ActiveCfg = Debug|Any CPU
		{CD7BFC6C-DB84-4B46-A355-EF2FBDB9BA55}.Debug|iPhoneSimulator.Build.0 = Debug|Any CPU
		{CD7BFC6C-DB84-4B46-A355-EF2FBDB9BA55}.Debug|iPhoneSimulator.Deploy.0 = Debug|Any CPU
		{CD7BFC6C-DB84-4B46-A355-EF2FBDB9BA55}.Debug|x64.ActiveCfg = Debug|x64
		{CD7BFC6C-DB84-4B46-A355-EF2FBDB9BA55}.Debug|x64.Build.0 = Debug|x64
		{CD7BFC6C-DB84-4B46-A355-EF2FBDB9BA55}.Debug|x64.Deploy.0 = Debug|x64
		{CD7BFC6C-DB84-4B46-A355-EF2FBDB9BA55}.Debug|x86.ActiveCfg = Debug|x86
		{CD7BFC6C-DB84-4B46-A355-EF2FBDB9BA55}.Debug|x86.Build.0 = Debug|x86
		{CD7BFC6C-DB84-4B46-A355-EF2FBDB9BA55}.Debug|x86.Deploy.0 = Debug|x86
		{CD7BFC6C-DB84-4B46-A355-EF2FBDB9BA55}.Release|Any CPU.ActiveCfg = Release|Any CPU
		{CD7BFC6C-DB84-4B46-A355-EF2FBDB9BA55}.Release|Any CPU.Build.0 = Release|Any CPU
		{CD7BFC6C-DB84-4B46-A355-EF2FBDB9BA55}.Release|Any CPU.Deploy.0 = Release|Any CPU
		{CD7BFC6C-DB84-4B46-A355-EF2FBDB9BA55}.Release|ARM.ActiveCfg = Release|ARM
		{CD7BFC6C-DB84-4B46-A355-EF2FBDB9BA55}.Release|ARM.Build.0 = Release|ARM
		{CD7BFC6C-DB84-4B46-A355-EF2FBDB9BA55}.Release|ARM.Deploy.0 = Release|ARM
		{CD7BFC6C-DB84-4B46-A355-EF2FBDB9BA55}.Release|iPhone.ActiveCfg = Release|Any CPU
		{CD7BFC6C-DB84-4B46-A355-EF2FBDB9BA55}.Release|iPhone.Build.0 = Release|Any CPU
		{CD7BFC6C-DB84-4B46-A355-EF2FBDB9BA55}.Release|iPhone.Deploy.0 = Release|Any CPU
		{CD7BFC6C-DB84-4B46-A355-EF2FBDB9BA55}.Release|iPhoneSimulator.ActiveCfg = Release|Any CPU
		{CD7BFC6C-DB84-4B46-A355-EF2FBDB9BA55}.Release|iPhoneSimulator.Build.0 = Release|Any CPU
		{CD7BFC6C-DB84-4B46-A355-EF2FBDB9BA55}.Release|iPhoneSimulator.Deploy.0 = Release|Any CPU
		{CD7BFC6C-DB84-4B46-A355-EF2FBDB9BA55}.Release|x64.ActiveCfg = Release|x64
		{CD7BFC6C-DB84-4B46-A355-EF2FBDB9BA55}.Release|x64.Build.0 = Release|x64
		{CD7BFC6C-DB84-4B46-A355-EF2FBDB9BA55}.Release|x64.Deploy.0 = Release|x64
		{CD7BFC6C-DB84-4B46-A355-EF2FBDB9BA55}.Release|x86.ActiveCfg = Release|x86
		{CD7BFC6C-DB84-4B46-A355-EF2FBDB9BA55}.Release|x86.Build.0 = Release|x86
		{CD7BFC6C-DB84-4B46-A355-EF2FBDB9BA55}.Release|x86.Deploy.0 = Release|x86
		{C6C38DAE-D5FB-4D8F-8B11-C9B0CF2AFB90}.Ad-Hoc|Any CPU.ActiveCfg = Release|Any CPU
		{C6C38DAE-D5FB-4D8F-8B11-C9B0CF2AFB90}.Ad-Hoc|Any CPU.Build.0 = Release|Any CPU
		{C6C38DAE-D5FB-4D8F-8B11-C9B0CF2AFB90}.Ad-Hoc|ARM.ActiveCfg = Release|Any CPU
		{C6C38DAE-D5FB-4D8F-8B11-C9B0CF2AFB90}.Ad-Hoc|ARM.Build.0 = Release|Any CPU
		{C6C38DAE-D5FB-4D8F-8B11-C9B0CF2AFB90}.Ad-Hoc|iPhone.ActiveCfg = Release|Any CPU
		{C6C38DAE-D5FB-4D8F-8B11-C9B0CF2AFB90}.Ad-Hoc|iPhone.Build.0 = Release|Any CPU
		{C6C38DAE-D5FB-4D8F-8B11-C9B0CF2AFB90}.Ad-Hoc|iPhoneSimulator.ActiveCfg = Release|Any CPU
		{C6C38DAE-D5FB-4D8F-8B11-C9B0CF2AFB90}.Ad-Hoc|iPhoneSimulator.Build.0 = Release|Any CPU
		{C6C38DAE-D5FB-4D8F-8B11-C9B0CF2AFB90}.Ad-Hoc|x64.ActiveCfg = Release|Any CPU
		{C6C38DAE-D5FB-4D8F-8B11-C9B0CF2AFB90}.Ad-Hoc|x64.Build.0 = Release|Any CPU
		{C6C38DAE-D5FB-4D8F-8B11-C9B0CF2AFB90}.Ad-Hoc|x86.ActiveCfg = Release|Any CPU
		{C6C38DAE-D5FB-4D8F-8B11-C9B0CF2AFB90}.Ad-Hoc|x86.Build.0 = Release|Any CPU
		{C6C38DAE-D5FB-4D8F-8B11-C9B0CF2AFB90}.AppStore|Any CPU.ActiveCfg = Release|Any CPU
		{C6C38DAE-D5FB-4D8F-8B11-C9B0CF2AFB90}.AppStore|Any CPU.Build.0 = Release|Any CPU
		{C6C38DAE-D5FB-4D8F-8B11-C9B0CF2AFB90}.AppStore|ARM.ActiveCfg = Release|Any CPU
		{C6C38DAE-D5FB-4D8F-8B11-C9B0CF2AFB90}.AppStore|ARM.Build.0 = Release|Any CPU
		{C6C38DAE-D5FB-4D8F-8B11-C9B0CF2AFB90}.AppStore|iPhone.ActiveCfg = Release|Any CPU
		{C6C38DAE-D5FB-4D8F-8B11-C9B0CF2AFB90}.AppStore|iPhone.Build.0 = Release|Any CPU
		{C6C38DAE-D5FB-4D8F-8B11-C9B0CF2AFB90}.AppStore|iPhoneSimulator.ActiveCfg = Release|Any CPU
		{C6C38DAE-D5FB-4D8F-8B11-C9B0CF2AFB90}.AppStore|iPhoneSimulator.Build.0 = Release|Any CPU
		{C6C38DAE-D5FB-4D8F-8B11-C9B0CF2AFB90}.AppStore|x64.ActiveCfg = Release|Any CPU
		{C6C38DAE-D5FB-4D8F-8B11-C9B0CF2AFB90}.AppStore|x64.Build.0 = Release|Any CPU
		{C6C38DAE-D5FB-4D8F-8B11-C9B0CF2AFB90}.AppStore|x86.ActiveCfg = Release|Any CPU
		{C6C38DAE-D5FB-4D8F-8B11-C9B0CF2AFB90}.AppStore|x86.Build.0 = Release|Any CPU
		{C6C38DAE-D5FB-4D8F-8B11-C9B0CF2AFB90}.Debug|Any CPU.ActiveCfg = Debug|Any CPU
		{C6C38DAE-D5FB-4D8F-8B11-C9B0CF2AFB90}.Debug|Any CPU.Build.0 = Debug|Any CPU
		{C6C38DAE-D5FB-4D8F-8B11-C9B0CF2AFB90}.Debug|ARM.ActiveCfg = Debug|Any CPU
		{C6C38DAE-D5FB-4D8F-8B11-C9B0CF2AFB90}.Debug|ARM.Build.0 = Debug|Any CPU
		{C6C38DAE-D5FB-4D8F-8B11-C9B0CF2AFB90}.Debug|iPhone.ActiveCfg = Debug|Any CPU
		{C6C38DAE-D5FB-4D8F-8B11-C9B0CF2AFB90}.Debug|iPhone.Build.0 = Debug|Any CPU
		{C6C38DAE-D5FB-4D8F-8B11-C9B0CF2AFB90}.Debug|iPhoneSimulator.ActiveCfg = Debug|Any CPU
		{C6C38DAE-D5FB-4D8F-8B11-C9B0CF2AFB90}.Debug|iPhoneSimulator.Build.0 = Debug|Any CPU
		{C6C38DAE-D5FB-4D8F-8B11-C9B0CF2AFB90}.Debug|x64.ActiveCfg = Debug|Any CPU
		{C6C38DAE-D5FB-4D8F-8B11-C9B0CF2AFB90}.Debug|x64.Build.0 = Debug|Any CPU
		{C6C38DAE-D5FB-4D8F-8B11-C9B0CF2AFB90}.Debug|x86.ActiveCfg = Debug|Any CPU
		{C6C38DAE-D5FB-4D8F-8B11-C9B0CF2AFB90}.Debug|x86.Build.0 = Debug|Any CPU
		{C6C38DAE-D5FB-4D8F-8B11-C9B0CF2AFB90}.Release|Any CPU.ActiveCfg = Release|Any CPU
		{C6C38DAE-D5FB-4D8F-8B11-C9B0CF2AFB90}.Release|Any CPU.Build.0 = Release|Any CPU
		{C6C38DAE-D5FB-4D8F-8B11-C9B0CF2AFB90}.Release|ARM.ActiveCfg = Release|Any CPU
		{C6C38DAE-D5FB-4D8F-8B11-C9B0CF2AFB90}.Release|ARM.Build.0 = Release|Any CPU
		{C6C38DAE-D5FB-4D8F-8B11-C9B0CF2AFB90}.Release|iPhone.ActiveCfg = Release|Any CPU
		{C6C38DAE-D5FB-4D8F-8B11-C9B0CF2AFB90}.Release|iPhone.Build.0 = Release|Any CPU
		{C6C38DAE-D5FB-4D8F-8B11-C9B0CF2AFB90}.Release|iPhoneSimulator.ActiveCfg = Release|Any CPU
		{C6C38DAE-D5FB-4D8F-8B11-C9B0CF2AFB90}.Release|iPhoneSimulator.Build.0 = Release|Any CPU
		{C6C38DAE-D5FB-4D8F-8B11-C9B0CF2AFB90}.Release|x64.ActiveCfg = Release|Any CPU
		{C6C38DAE-D5FB-4D8F-8B11-C9B0CF2AFB90}.Release|x64.Build.0 = Release|Any CPU
		{C6C38DAE-D5FB-4D8F-8B11-C9B0CF2AFB90}.Release|x86.ActiveCfg = Release|Any CPU
		{C6C38DAE-D5FB-4D8F-8B11-C9B0CF2AFB90}.Release|x86.Build.0 = Release|Any CPU
	EndGlobalSection
	GlobalSection(SolutionProperties) = preSolution
		HideSolutionNode = FALSE
	EndGlobalSection
EndGlobal
